// !$*UTF8*$!
{
	archiveVersion = 1;
	classes = {
	};
	objectVersion = 46;
	objects = {

/* Begin PBXBuildFile section */
		41BCCCA21BE8FDC400E83BF4 /* AppDelegate.swift in Sources */ = {isa = PBXBuildFile; fileRef = 41BCCCA11BE8FDC400E83BF4 /* AppDelegate.swift */; };
		41BCCCA41BE8FDC400E83BF4 /* ViewController.swift in Sources */ = {isa = PBXBuildFile; fileRef = 41BCCCA31BE8FDC400E83BF4 /* ViewController.swift */; };
		41BCCCA71BE8FDC400E83BF4 /* Main.storyboard in Resources */ = {isa = PBXBuildFile; fileRef = 41BCCCA51BE8FDC400E83BF4 /* Main.storyboard */; };
		41BCCCA91BE8FDC400E83BF4 /* Assets.xcassets in Resources */ = {isa = PBXBuildFile; fileRef = 41BCCCA81BE8FDC400E83BF4 /* Assets.xcassets */; };
		41BCCCAC1BE8FDC400E83BF4 /* LaunchScreen.storyboard in Resources */ = {isa = PBXBuildFile; fileRef = 41BCCCAA1BE8FDC400E83BF4 /* LaunchScreen.storyboard */; };
/* End PBXBuildFile section */

/* Begin PBXFileReference section */
		41BCCC9E1BE8FDC400E83BF4 /* TableViewAndWS.app */ = {isa = PBXFileReference; explicitFileType = wrapper.application; includeInIndex = 0; path = TableViewAndWS.app; sourceTree = BUILT_PRODUCTS_DIR; };
		41BCCCA11BE8FDC400E83BF4 /* AppDelegate.swift */ = {isa = PBXFileReference; lastKnownFileType = sourcecode.swift; path = AppDelegate.swift; sourceTree = "<group>"; };
		41BCCCA31BE8FDC400E83BF4 /* ViewController.swift */ = {isa = PBXFileReference; lastKnownFileType = sourcecode.swift; path = ViewController.swift; sourceTree = "<group>"; };
		41BCCCA61BE8FDC400E83BF4 /* Base */ = {isa = PBXFileReference; lastKnownFileType = file.storyboard; name = Base; path = Base.lproj/Main.storyboard; sourceTree = "<group>"; };
		41BCCCA81BE8FDC400E83BF4 /* Assets.xcassets */ = {isa = PBXFileReference; lastKnownFileType = folder.assetcatalog; path = Assets.xcassets; sourceTree = "<group>"; };
		41BCCCAB1BE8FDC400E83BF4 /* Base */ = {isa = PBXFileReference; lastKnownFileType = file.storyboard; name = Base; path = Base.lproj/LaunchScreen.storyboard; sourceTree = "<group>"; };
		41BCCCAD1BE8FDC400E83BF4 /* Info.plist */ = {isa = PBXFileReference; lastKnownFileType = text.plist.xml; path = Info.plist; sourceTree = "<group>"; };
/* End PBXFileReference section */

/* Begin PBXFrameworksBuildPhase section */
		41BCCC9B1BE8FDC400E83BF4 /* Frameworks */ = {
			isa = PBXFrameworksBuildPhase;
			buildActionMask = 2147483647;
			files = (
			);
			runOnlyForDeploymentPostprocessing = 0;
		};
/* End PBXFrameworksBuildPhase section */

/* Begin PBXGroup section */
		41BCCC951BE8FDC400E83BF4 = {
			isa = PBXGroup;
			children = (
				41BCCCA01BE8FDC400E83BF4 /* TableViewAndWS */,
				41BCCC9F1BE8FDC400E83BF4 /* Products */,
			);
			sourceTree = "<group>";
		};
		41BCCC9F1BE8FDC400E83BF4 /* Products */ = {
			isa = PBXGroup;
			children = (
				41BCCC9E1BE8FDC400E83BF4 /* TableViewAndWS.app */,
			);
			name = Products;
			sourceTree = "<group>";
		};
		41BCCCA01BE8FDC400E83BF4 /* TableViewAndWS */ = {
			isa = PBXGroup;
			children = (
				41BCCCA11BE8FDC400E83BF4 /* AppDelegate.swift */,
				41BCCCA31BE8FDC400E83BF4 /* ViewController.swift */,
				41BCCCA51BE8FDC400E83BF4 /* Main.storyboard */,
				41BCCCA81BE8FDC400E83BF4 /* Assets.xcassets */,
				41BCCCAA1BE8FDC400E83BF4 /* LaunchScreen.storyboard */,
				41BCCCAD1BE8FDC400E83BF4 /* Info.plist */,
			);
			path = TableViewAndWS;
			sourceTree = "<group>";
		};
/* End PBXGroup section */

/* Begin PBXNativeTarget section */
		41BCCC9D1BE8FDC400E83BF4 /* TableViewAndWS */ = {
			isa = PBXNativeTarget;
			buildConfigurationList = 41BCCCB01BE8FDC400E83BF4 /* Build configuration list for PBXNativeTarget "TableViewAndWS" */;
			buildPhases = (
				41BCCC9A1BE8FDC400E83BF4 /* Sources */,
				41BCCC9B1BE8FDC400E83BF4 /* Frameworks */,
				41BCCC9C1BE8FDC400E83BF4 /* Resources */,
			);
			buildRules = (
			);
			dependencies = (
			);
			name = TableViewAndWS;
			productName = TableViewAndWS;
			productReference = 41BCCC9E1BE8FDC400E83BF4 /* TableViewAndWS.app */;
			productType = "com.apple.product-type.application";
		};
/* End PBXNativeTarget section */

/* Begin PBXProject section */
		41BCCC961BE8FDC400E83BF4 /* Project object */ = {
			isa = PBXProject;
			attributes = {
				LastSwiftUpdateCheck = 0710;
				LastUpgradeCheck = 0710;
				ORGANIZATIONNAME = "Nivardo Ibarra";
				TargetAttributes = {
					41BCCC9D1BE8FDC400E83BF4 = {
						CreatedOnToolsVersion = 7.1;
						DevelopmentTeam = 3P6GBLK989;
					};
				};
			};
			buildConfigurationList = 41BCCC991BE8FDC400E83BF4 /* Build configuration list for PBXProject "TableViewAndWS" */;
			compatibilityVersion = "Xcode 3.2";
			developmentRegion = English;
			hasScannedForEncodings = 0;
			knownRegions = (
				en,
				Base,
			);
			mainGroup = 41BCCC951BE8FDC400E83BF4;
			productRefGroup = 41BCCC9F1BE8FDC400E83BF4 /* Products */;
			projectDirPath = "";
			projectRoot = "";
			targets = (
				41BCCC9D1BE8FDC400E83BF4 /* TableViewAndWS */,
			);
		};
/* End PBXProject section */

/* Begin PBXResourcesBuildPhase section */
		41BCCC9C1BE8FDC400E83BF4 /* Resources */ = {
			isa = PBXResourcesBuildPhase;
			buildActionMask = 2147483647;
			files = (
				41BCCCAC1BE8FDC400E83BF4 /* LaunchScreen.storyboard in Resources */,
				41BCCCA91BE8FDC400E83BF4 /* Assets.xcassets in Resources */,
				41BCCCA71BE8FDC400E83BF4 /* Main.storyboard in Resources */,
			);
			runOnlyForDeploymentPostprocessing = 0;
		};
/* End PBXResourcesBuildPhase section */

/* Begin PBXSourcesBuildPhase section */
		41BCCC9A1BE8FDC400E83BF4 /* Sources */ = {
			isa = PBXSourcesBuildPhase;
			buildActionMask = 2147483647;
			files = (
				41BCCCA41BE8FDC400E83BF4 /* ViewController.swift in Sources */,
				41BCCCA21BE8FDC400E83BF4 /* AppDelegate.swift in Sources */,
			);
			runOnlyForDeploymentPostprocessing = 0;
		};
/* End PBXSourcesBuildPhase section */

/* Begin PBXVariantGroup section */
		41BCCCA51BE8FDC400E83BF4 /* Main.storyboard */ = {
			isa = PBXVariantGroup;
			children = (
				41BCCCA61BE8FDC400E83BF4 /* Base */,
			);
			name = Main.storyboard;
			sourceTree = "<group>";
		};
		41BCCCAA1BE8FDC400E83BF4 /* LaunchScreen.storyboard */ = {
			isa = PBXVariantGroup;
			children = (
				41BCCCAB1BE8FDC400E83BF4 /* Base */,
			);
			name = LaunchScreen.storyboard;
			sourceTree = "<group>";
		};
/* End PBXVariantGroup section */

/* Begin XCBuildConfiguration section */
		41BCCCAE1BE8FDC400E83BF4 /* Debug */ = {
			isa = XCBuildConfiguration;
			buildSettings = {
				ALWAYS_SEARCH_USER_PATHS = NO;
				CLANG_CXX_LANGUAGE_STANDARD = "gnu++0x";
				CLANG_CXX_LIBRARY = "libc++";
				CLANG_ENABLE_MODULES = YES;
				CLANG_ENABLE_OBJC_ARC = YES;
				CLANG_WARN_BOOL_CONVERSION = YES;
				CLANG_WARN_CONSTANT_CONVERSION = YES;
				CLANG_WARN_DIRECT_OBJC_ISA_USAGE = YES_ERROR;
				CLANG_WARN_EMPTY_BODY = YES;
				CLANG_WARN_ENUM_CONVERSION = YES;
				CLANG_WARN_INT_CONVERSION = YES;
				CLANG_WARN_OBJC_ROOT_CLASS = YES_ERROR;
				CLANG_WARN_UNREACHABLE_CODE = YES;
				CLANG_WARN__DUPLICATE_METHOD_MATCH = YES;
				"CODE_SIGN_IDENTITY[sdk=iphoneos*]" = "iPhone Developer";
				COPY_PHASE_STRIP = NO;
				DEBUG_INFORMATION_FORMAT = dwarf;
				ENABLE_STRICT_OBJC_MSGSEND = YES;
				ENABLE_TESTABILITY = YES;
				GCC_C_LANGUAGE_STANDARD = gnu99;
				GCC_DYNAMIC_NO_PIC = NO;
				GCC_NO_COMMON_BLOCKS = YES;
				GCC_OPTIMIZATION_LEVEL = 0;
				GCC_PREPROCESSOR_DEFINITIONS = (
					"DEBUG=1",
					"$(inherited)",
				);
				GCC_WARN_64_TO_32_BIT_CONVERSION = YES;
				GCC_WARN_ABOUT_RETURN_TYPE = YES_ERROR;
				GCC_WARN_UNDECLARED_SELECTOR = YES;
				GCC_WARN_UNINITIALIZED_AUTOS = YES_AGGRESSIVE;
				GCC_WARN_UNUSED_FUNCTION = YES;
				GCC_WARN_UNUSED_VARIABLE = YES;
				IPHONEOS_DEPLOYMENT_TARGET = 9.1;
				MTL_ENABLE_DEBUG_INFO = YES;
				ONLY_ACTIVE_ARCH = YES;
				SDKROOT = iphoneos;
				SWIFT_OPTIMIZATION_LEVEL = "-Onone";
			};
			name = Debug;
		};
		41BCCCAF1BE8FDC400E83BF4 /* Release */ = {
			isa = XCBuildConfiguration;
			buildSettings = {
				ALWAYS_SEARCH_USER_PATHS = NO;
				CLANG_CXX_LANGUAGE_STANDARD = "gnu++0x";
				CLANG_CXX_LIBRARY = "libc++";
				CLANG_ENABLE_MODULES = YES;
				CLANG_ENABLE_OBJC_ARC = YES;
				CLANG_WARN_BOOL_CONVERSION = YES;
				CLANG_WARN_CONSTANT_CONVERSION = YES;
				CLANG_WARN_DIRECT_OBJC_ISA_USAGE = YES_ERROR;
				CLANG_WARN_EMPTY_BODY = YES;
				CLANG_WARN_ENUM_CONVERSION = YES;
				CLANG_WARN_INT_CONVERSION = YES;
				CLANG_WARN_OBJC_ROOT_CLASS = YES_ERROR;
				CLANG_WARN_UNREACHABLE_CODE = YES;
				CLANG_WARN__DUPLICATE_METHOD_MATCH = YES;
				"CODE_SIGN_IDENTITY[sdk=iphoneos*]" = "iPhone Developer";
				COPY_PHASE_STRIP = NO;
				DEBUG_INFORMATION_FORMAT = "dwarf-with-dsym";
				ENABLE_NS_ASSERTIONS = NO;
				ENABLE_STRICT_OBJC_MSGSEND = YES;
				GCC_C_LANGUAGE_STANDARD = gnu99;
				GCC_NO_COMMON_BLOCKS = YES;
				GCC_WARN_64_TO_32_BIT_CONVERSION = YES;
				GCC_WARN_ABOUT_RETURN_TYPE = YES_ERROR;
				GCC_WARN_UNDECLARED_SELECTOR = YES;
				GCC_WARN_UNINITIALIZED_AUTOS = YES_AGGRESSIVE;
				GCC_WARN_UNUSED_FUNCTION = YES;
				GCC_WARN_UNUSED_VARIABLE = YES;
				IPHONEOS_DEPLOYMENT_TARGET = 9.1;
				MTL_ENABLE_DEBUG_INFO = NO;
				SDKROOT = iphoneos;
				VALIDATE_PRODUCT = YES;
			};
			name = Release;
		};
		41BCCCB11BE8FDC400E83BF4 /* Debug */ = {
			isa = XCBuildConfiguration;
			buildSettings = {
				ASSETCATALOG_COMPILER_APPICON_NAME = AppIcon;
				INFOPLIST_FILE = TableViewAndWS/Info.plist;
				LD_RUNPATH_SEARCH_PATHS = "$(inherited) @executable_path/Frameworks";
				PRODUCT_BUNDLE_IDENTIFIER = ibarra.nivardo.nayeli.lopez.TableViewAndWS;
				PRODUCT_NAME = "$(TARGET_NAME)";
			};
			name = Debug;
		};
		41BCCCB21BE8FDC400E83BF4 /* Release */ = {
			isa = XCBuildConfiguration;
			buildSettings = {
				ASSETCATALOG_COMPILER_APPICON_NAME = AppIcon;
				INFOPLIST_FILE = TableViewAndWS/Info.plist;
				LD_RUNPATH_SEARCH_PATHS = "$(inherited) @executable_path/Frameworks";
				PRODUCT_BUNDLE_IDENTIFIER = ibarra.nivardo.nayeli.lopez.TableViewAndWS;
				PRODUCT_NAME = "$(TARGET_NAME)";
			};
			name = Release;
		};
/* End XCBuildConfiguration section */

/* Begin XCConfigurationList section */
		41BCCC991BE8FDC400E83BF4 /* Build configuration list for PBXProject "TableViewAndWS" */ = {
			isa = XCConfigurationList;
			buildConfigurations = (
				41BCCCAE1BE8FDC400E83BF4 /* Debug */,
				41BCCCAF1BE8FDC400E83BF4 /* Release */,
			);
			defaultConfigurationIsVisible = 0;
			defaultConfigurationName = Release;
		};
		41BCCCB01BE8FDC400E83BF4 /* Build configuration list for PBXNativeTarget "TableViewAndWS" */ = {
			isa = XCConfigurationList;
			buildConfigurations = (
				41BCCCB11BE8FDC400E83BF4 /* Debug */,
				41BCCCB21BE8FDC400E83BF4 /* Release */,
			);
			defaultConfigurationIsVisible = 0;
		};
/* End XCConfigurationList section */
	};
	rootObject = 41BCCC961BE8FDC400E83BF4 /* Project object */;
}
